<?xml version="1.0" encoding="utf-8"?>
<Project ToolsVersion="4.0" xmlns="http://schemas.microsoft.com/developer/msbuild/2003">
  <ItemGroup>
    <ClCompile Include="main.cpp" />
    <ClCompile Include="Utils\crypto_util.cpp">
      <Filter>Utils</Filter>
    </ClCompile>
    <ClCompile Include="tests.cpp" />
  </ItemGroup>
  <ItemGroup>
    <Filter Include="Utils">
      <UniqueIdentifier>{3aa62e39-a041-4eb6-b62f-1dd8169172bc}</UniqueIdentifier>
    </Filter>
  </ItemGroup>
  <ItemGroup>
    <ClInclude Include="Utils\crypto_util.h">
      <Filter>Utils</Filter>
    </ClInclude>
    <ClInclude Include="tests.h" />
  </ItemGroup>
</Project>